
Microsoft Visual Studio Solution File, Format Version 12.00
# Visual Studio Version 17
VisualStudioVersion = 17.8.34511.84
MinimumVisualStudioVersion = 10.0.40219.1
Project("{FAE04EC0-301F-11D3-BF4B-00C04F79EFBC}") = "Navegador Web", "Navegador Web.csproj", "{20ADAD4B-F933-457A-9060-273F2D4E450D}"
EndProject
Global
	GlobalSection(SolutionConfigurationPlatforms) = preSolution
		Debug|Any CPU = Debug|Any CPU
		Release|Any CPU = Release|Any CPU
	EndGlobalSection
	GlobalSection(ProjectConfigurationPlatforms) = postSolution
		{20ADAD4B-F933-457A-9060-273F2D4E450D}.Debug|Any CPU.ActiveCfg = Debug|Any CPU
		{20ADAD4B-F933-457A-9060-273F2D4E450D}.Debug|Any CPU.Build.0 = Debug|Any CPU
		{20ADAD4B-F933-457A-9060-273F2D4E450D}.Release|Any CPU.ActiveCfg = Release|Any CPU
		{20ADAD4B-F933-457A-9060-273F2D4E450D}.Release|Any CPU.Build.0 = Release|Any CPU
	EndGlobalSection
	GlobalSection(SolutionProperties) = preSolution
		HideSolutionNode = FALSE
	EndGlobalSection
	GlobalSection(ExtensibilityGlobals) = postSolution
		SolutionGuid = {2E525993-AB9C-437D-BC01-D8B8CF3A5323}
	EndGlobalSection
EndGlobal
